lockfileVersion: 5.3

specifiers:
  '@fortawesome/free-regular-svg-icons': ^6.0.0-beta3
  '@fortawesome/free-solid-svg-icons': ^6.0.0-beta3
  '@fortawesome/pro-duotone-svg-icons': 6.0.0
  '@fortawesome/pro-light-svg-icons': 6.0.0
  '@fortawesome/pro-regular-svg-icons': 6.0.0
  '@fortawesome/pro-solid-svg-icons': 6.0.0
  '@fortawesome/pro-thin-svg-icons': 6.0.0

devDependencies:
  '@fortawesome/free-regular-svg-icons': 6.0.0-beta3
  '@fortawesome/free-solid-svg-icons': 6.0.0-beta3
  '@fortawesome/pro-duotone-svg-icons': 6.0.0
  '@fortawesome/pro-light-svg-icons': 6.0.0
  '@fortawesome/pro-regular-svg-icons': 6.0.0
  '@fortawesome/pro-solid-svg-icons': 6.0.0
  '@fortawesome/pro-thin-svg-icons': 6.0.0

packages:

  /@fortawesome/fontawesome-common-types/0.3.0:
    resolution: {integrity: sha512-CA3MAZBTxVsF6SkfkHXDerkhcQs0QPofy43eFdbWJJkZiq3SfiaH1msOkac59rQaqto5EqWnASboY1dBuKen5w==}
    engines: {node: '>=6'}
    requiresBuild: true
    dev: true

  /@fortawesome/free-regular-svg-icons/6.0.0-beta3:
    resolution: {integrity: sha512-4Nyi3FGB/t6c7WP9/0G6pk/mSi2Yc+NRMyI+ewgNjLsSDYaSErocJ27oW6tuglxDLSNXTRaa8sK5DYMaY5Fabg==}
    engines: {node: '>=6'}
    requiresBuild: true
    dependencies:
      '@fortawesome/fontawesome-common-types': 0.3.0
    dev: true

  /@fortawesome/free-solid-svg-icons/6.0.0-beta3:
    resolution: {integrity: sha512-7+62D0MK5fy/mzmTNx0P4QzHWzKE4oXdUER6bvR3qzux7hpM3QNzqPAGML7iBf5LG5yYK8mnh+yHWa1KRKUfRg==}
    engines: {node: '>=6'}
    requiresBuild: true
    dependencies:
      '@fortawesome/fontawesome-common-types': 0.3.0
    dev: true

  /@fortawesome/pro-duotone-svg-icons/6.0.0:
    resolution: {integrity: sha512-gq/psAzWxv+Vuu50HYcj2VuBa9PGWljmEPih7PwPWbgSEPBO07wvhXcNXDLU+qZe7m1oNKAY5ke9gN7+qpYsjA==}
    engines: {node: '>=6'}
    requiresBuild: true
    dependencies:
      '@fortawesome/fontawesome-common-types': 0.3.0
    dev: true

  /@fortawesome/pro-light-svg-icons/6.0.0:
    resolution: {integrity: sha512-8xeNlCHnMi1+fJu15jTQ2/xpa1Q9DMYDZ+j7yYOQj342Dqzi5PEP24InhuZUNGS7z2Cc1fvbO9lL2cDgNamndg==}
    engines: {node: '>=6'}
    requiresBuild: true
    dependencies:
      '@fortawesome/fontawesome-common-types': 0.3.0
    dev: true

  /@fortawesome/pro-regular-svg-icons/6.0.0:
    resolution: {integrity: sha512-4ox5iig6bb5Yl2YsJdcD7JnsCeMkZaQjx7SIPoFTy13QPkCCjvkhyNDM1o8j+Rg9PHkloNK//Jm53mGS6Qf9Ww==}
    engines: {node: '>=6'}
    requiresBuild: true
    dependencies:
      '@fortawesome/fontawesome-common-types': 0.3.0
    dev: true

  /@fortawesome/pro-solid-svg-icons/6.0.0:
    resolution: {integrity: sha512-bDrTCWEDocxdVff2dyKS+AwZhPvcW8z82M/ucXBTvMnf0EVATuxqFMN7NsxngMAxcrKHqrf6BwdonAYOz1geYQ==}
    engines: {node: '>=6'}
    requiresBuild: true
    dependencies:
      '@fortawesome/fontawesome-common-types': 0.3.0
    dev: true

  /@fortawesome/pro-thin-svg-icons/6.0.0:
    resolution: {integrity: sha512-1wN9ZVJYqtiJ5FOa7mLG1zAkyQPSXnecG3mz3BlD4gxE5sv0Bd0znHcffiY6kmK/DJZ2/DhXIrA3OQ05/LWBrA==}
    engines: {node: '>=6'}
    requiresBuild: true
    dependencies:
      '@fortawesome/fontawesome-common-types': 0.3.0
    dev: true
