lockfileVersion: '9.0'

settings:
  autoInstallPeers: true
  excludeLinksFromLockfile: false

importers:

  .:
    dependencies:
      '@tabler/icons':
        specifier: ^3.34.0
        version: 3.34.0

packages:

  '@tabler/icons@3.34.0':
    resolution: {integrity: sha512-jtVqv0JC1WU2TTEBN32D9+R6mc1iEBuPwLnBsWaR02SIEciu9aq5806AWkCHuObhQ4ERhhXErLEK7Fs+tEZxiA==}

snapshots:

  '@tabler/icons@3.34.0': {}
